// !$*UTF8*$!
{
	archiveVersion = 1;
	classes = {
	};
	objectVersion = 46;
	objects = {

/* Begin PBXBuildFile section */
		AB51F48A1DDB2A29002DFF34 /* console.o in Frameworks */ = {isa = PBXBuildFile; fileRef = AB51F47F1DDB2A29002DFF34 /* console.o */; };
		AB51F48B1DDB2A29002DFF34 /* debug.o in Frameworks */ = {isa = PBXBuildFile; fileRef = AB51F4801DDB2A29002DFF34 /* debug.o */; };
		AB51F48C1DDB2A29002DFF34 /* disk.o in Frameworks */ = {isa = PBXBuildFile; fileRef = AB51F4811DDB2A29002DFF34 /* disk.o */; };
		AB51F48D1DDB2A29002DFF34 /* hardware.o in Frameworks */ = {isa = PBXBuildFile; fileRef = AB51F4831DDB2A29002DFF34 /* hardware.o */; };
		AB51F48E1DDB2A29002DFF34 /* interrupt.c in Sources */ = {isa = PBXBuildFile; fileRef = AB51F4841DDB2A29002DFF34 /* interrupt.c */; };
		AB51F48F1DDB2A29002DFF34 /* kernel.c in Sources */ = {isa = PBXBuildFile; fileRef = AB51F4861DDB2A29002DFF34 /* kernel.c */; };
		AB51F4901DDB2A29002DFF34 /* mem.o in Frameworks */ = {isa = PBXBuildFile; fileRef = AB51F4881DDB2A29002DFF34 /* mem.o */; };
		AB51F4911DDB2A29002DFF34 /* usercode.o in Frameworks */ = {isa = PBXBuildFile; fileRef = AB51F4891DDB2A29002DFF34 /* usercode.o */; };
/* End PBXBuildFile section */

/* Begin PBXCopyFilesBuildPhase section */
		AB51F4731DDB2A09002DFF34 /* CopyFiles */ = {
			isa = PBXCopyFilesBuildPhase;
			buildActionMask = 2147483647;
			dstPath = /usr/share/man/man1/;
			dstSubfolderSpec = 0;
			files = (
			);
			runOnlyForDeploymentPostprocessing = 1;
		};
/* End PBXCopyFilesBuildPhase section */

/* Begin PBXFileReference section */
		AB51F4751DDB2A09002DFF34 /* cs240 */ = {isa = PBXFileReference; explicitFileType = "compiled.mach-o.executable"; includeInIndex = 0; path = cs240; sourceTree = BUILT_PRODUCTS_DIR; };
		AB51F47F1DDB2A29002DFF34 /* console.o */ = {isa = PBXFileReference; lastKnownFileType = "compiled.mach-o.objfile"; path = console.o; sourceTree = "<group>"; };
		AB51F4801DDB2A29002DFF34 /* debug.o */ = {isa = PBXFileReference; lastKnownFileType = "compiled.mach-o.objfile"; path = debug.o; sourceTree = "<group>"; };
		AB51F4811DDB2A29002DFF34 /* disk.o */ = {isa = PBXFileReference; lastKnownFileType = "compiled.mach-o.objfile"; path = disk.o; sourceTree = "<group>"; };
		AB51F4821DDB2A29002DFF34 /* hardware_interface.h */ = {isa = PBXFileReference; fileEncoding = 4; lastKnownFileType = sourcecode.c.h; path = hardware_interface.h; sourceTree = "<group>"; };
		AB51F4831DDB2A29002DFF34 /* hardware.o */ = {isa = PBXFileReference; lastKnownFileType = "compiled.mach-o.objfile"; path = hardware.o; sourceTree = "<group>"; };
		AB51F4841DDB2A29002DFF34 /* interrupt.c */ = {isa = PBXFileReference; fileEncoding = 4; lastKnownFileType = sourcecode.c.c; path = interrupt.c; sourceTree = "<group>"; };
		AB51F4851DDB2A29002DFF34 /* interrupt.h */ = {isa = PBXFileReference; fileEncoding = 4; lastKnownFileType = sourcecode.c.h; path = interrupt.h; sourceTree = "<group>"; };
		AB51F4861DDB2A29002DFF34 /* kernel.c */ = {isa = PBXFileReference; fileEncoding = 4; lastKnownFileType = sourcecode.c.c; path = kernel.c; sourceTree = "<group>"; };
		AB51F4871DDB2A29002DFF34 /* kernel.h */ = {isa = PBXFileReference; fileEncoding = 4; lastKnownFileType = sourcecode.c.h; path = kernel.h; sourceTree = "<group>"; };
		AB51F4881DDB2A29002DFF34 /* mem.o */ = {isa = PBXFileReference; lastKnownFileType = "compiled.mach-o.objfile"; path = mem.o; sourceTree = "<group>"; };
		AB51F4891DDB2A29002DFF34 /* usercode.o */ = {isa = PBXFileReference; lastKnownFileType = "compiled.mach-o.objfile"; path = usercode.o; sourceTree = "<group>"; };
/* End PBXFileReference section */

/* Begin PBXFrameworksBuildPhase section */
		AB51F4721DDB2A09002DFF34 /* Frameworks */ = {
			isa = PBXFrameworksBuildPhase;
			buildActionMask = 2147483647;
			files = (
				AB51F48A1DDB2A29002DFF34 /* console.o in Frameworks */,
				AB51F48D1DDB2A29002DFF34 /* hardware.o in Frameworks */,
				AB51F48C1DDB2A29002DFF34 /* disk.o in Frameworks */,
				AB51F4901DDB2A29002DFF34 /* mem.o in Frameworks */,
				AB51F48B1DDB2A29002DFF34 /* debug.o in Frameworks */,
				AB51F4911DDB2A29002DFF34 /* usercode.o in Frameworks */,
			);
			runOnlyForDeploymentPostprocessing = 0;
		};
/* End PBXFrameworksBuildPhase section */

/* Begin PBXGroup section */
		AB51F46C1DDB2A09002DFF34 = {
			isa = PBXGroup;
			children = (
				AB51F4771DDB2A09002DFF34 /* cs240 */,
				AB51F4761DDB2A09002DFF34 /* Products */,
			);
			sourceTree = "<group>";
		};
		AB51F4761DDB2A09002DFF34 /* Products */ = {
			isa = PBXGroup;
			children = (
				AB51F4751DDB2A09002DFF34 /* cs240 */,
			);
			name = Products;
			sourceTree = "<group>";
		};
		AB51F4771DDB2A09002DFF34 /* cs240 */ = {
			isa = PBXGroup;
			children = (
				AB51F47F1DDB2A29002DFF34 /* console.o */,
				AB51F4801DDB2A29002DFF34 /* debug.o */,
				AB51F4811DDB2A29002DFF34 /* disk.o */,
				AB51F4821DDB2A29002DFF34 /* hardware_interface.h */,
				AB51F4831DDB2A29002DFF34 /* hardware.o */,
				AB51F4841DDB2A29002DFF34 /* interrupt.c */,
				AB51F4851DDB2A29002DFF34 /* interrupt.h */,
				AB51F4861DDB2A29002DFF34 /* kernel.c */,
				AB51F4871DDB2A29002DFF34 /* kernel.h */,
				AB51F4881DDB2A29002DFF34 /* mem.o */,
				AB51F4891DDB2A29002DFF34 /* usercode.o */,
			);
			path = cs240;
			sourceTree = "<group>";
		};
/* End PBXGroup section */

/* Begin PBXNativeTarget section */
		AB51F4741DDB2A09002DFF34 /* cs240 */ = {
			isa = PBXNativeTarget;
			buildConfigurationList = AB51F47C1DDB2A09002DFF34 /* Build configuration list for PBXNativeTarget "cs240" */;
			buildPhases = (
				AB51F4711DDB2A09002DFF34 /* Sources */,
				AB51F4721DDB2A09002DFF34 /* Frameworks */,
				AB51F4731DDB2A09002DFF34 /* CopyFiles */,
			);
			buildRules = (
			);
			dependencies = (
			);
			name = cs240;
			productName = cs240;
			productReference = AB51F4751DDB2A09002DFF34 /* cs240 */;
			productType = "com.apple.product-type.tool";
		};
/* End PBXNativeTarget section */

/* Begin PBXProject section */
		AB51F46D1DDB2A09002DFF34 /* Project object */ = {
			isa = PBXProject;
			attributes = {
				LastUpgradeCheck = 0730;
				ORGANIZATIONNAME = "Lu Yu";
				TargetAttributes = {
					AB51F4741DDB2A09002DFF34 = {
						CreatedOnToolsVersion = 7.3.1;
					};
				};
			};
			buildConfigurationList = AB51F4701DDB2A09002DFF34 /* Build configuration list for PBXProject "cs240" */;
			compatibilityVersion = "Xcode 3.2";
			developmentRegion = English;
			hasScannedForEncodings = 0;
			knownRegions = (
				en,
			);
			mainGroup = AB51F46C1DDB2A09002DFF34;
			productRefGroup = AB51F4761DDB2A09002DFF34 /* Products */;
			projectDirPath = "";
			projectRoot = "";
			targets = (
				AB51F4741DDB2A09002DFF34 /* cs240 */,
			);
		};
/* End PBXProject section */

/* Begin PBXSourcesBuildPhase section */
		AB51F4711DDB2A09002DFF34 /* Sources */ = {
			isa = PBXSourcesBuildPhase;
			buildActionMask = 2147483647;
			files = (
				AB51F48F1DDB2A29002DFF34 /* kernel.c in Sources */,
				AB51F48E1DDB2A29002DFF34 /* interrupt.c in Sources */,
			);
			runOnlyForDeploymentPostprocessing = 0;
		};
/* End PBXSourcesBuildPhase section */

/* Begin XCBuildConfiguration section */
		AB51F47A1DDB2A09002DFF34 /* Debug */ = {
			isa = XCBuildConfiguration;
			buildSettings = {
				ALWAYS_SEARCH_USER_PATHS = NO;
				CLANG_ANALYZER_NONNULL = YES;
				CLANG_CXX_LANGUAGE_STANDARD = "gnu++0x";
				CLANG_CXX_LIBRARY = "libc++";
				CLANG_ENABLE_MODULES = YES;
				CLANG_ENABLE_OBJC_ARC = YES;
				CLANG_WARN_BOOL_CONVERSION = YES;
				CLANG_WARN_CONSTANT_CONVERSION = YES;
				CLANG_WARN_DIRECT_OBJC_ISA_USAGE = YES_ERROR;
				CLANG_WARN_EMPTY_BODY = YES;
				CLANG_WARN_ENUM_CONVERSION = YES;
				CLANG_WARN_INT_CONVERSION = YES;
				CLANG_WARN_OBJC_ROOT_CLASS = YES_ERROR;
				CLANG_WARN_UNREACHABLE_CODE = YES;
				CLANG_WARN__DUPLICATE_METHOD_MATCH = YES;
				CODE_SIGN_IDENTITY = "-";
				COPY_PHASE_STRIP = NO;
				DEBUG_INFORMATION_FORMAT = dwarf;
				ENABLE_STRICT_OBJC_MSGSEND = YES;
				ENABLE_TESTABILITY = YES;
				GCC_C_LANGUAGE_STANDARD = gnu99;
				GCC_DYNAMIC_NO_PIC = NO;
				GCC_NO_COMMON_BLOCKS = YES;
				GCC_OPTIMIZATION_LEVEL = 0;
				GCC_PREPROCESSOR_DEFINITIONS = (
					"DEBUG=1",
					"$(inherited)",
				);
				GCC_WARN_64_TO_32_BIT_CONVERSION = YES;
				GCC_WARN_ABOUT_RETURN_TYPE = YES_ERROR;
				GCC_WARN_UNDECLARED_SELECTOR = YES;
				GCC_WARN_UNINITIALIZED_AUTOS = YES_AGGRESSIVE;
				GCC_WARN_UNUSED_FUNCTION = YES;
				GCC_WARN_UNUSED_VARIABLE = YES;
				MACOSX_DEPLOYMENT_TARGET = 10.11;
				MTL_ENABLE_DEBUG_INFO = YES;
				ONLY_ACTIVE_ARCH = YES;
				SDKROOT = macosx;
			};
			name = Debug;
		};
		AB51F47B1DDB2A09002DFF34 /* Release */ = {
			isa = XCBuildConfiguration;
			buildSettings = {
				ALWAYS_SEARCH_USER_PATHS = NO;
				CLANG_ANALYZER_NONNULL = YES;
				CLANG_CXX_LANGUAGE_STANDARD = "gnu++0x";
				CLANG_CXX_LIBRARY = "libc++";
				CLANG_ENABLE_MODULES = YES;
				CLANG_ENABLE_OBJC_ARC = YES;
				CLANG_WARN_BOOL_CONVERSION = YES;
				CLANG_WARN_CONSTANT_CONVERSION = YES;
				CLANG_WARN_DIRECT_OBJC_ISA_USAGE = YES_ERROR;
				CLANG_WARN_EMPTY_BODY = YES;
				CLANG_WARN_ENUM_CONVERSION = YES;
				CLANG_WARN_INT_CONVERSION = YES;
				CLANG_WARN_OBJC_ROOT_CLASS = YES_ERROR;
				CLANG_WARN_UNREACHABLE_CODE = YES;
				CLANG_WARN__DUPLICATE_METHOD_MATCH = YES;
				CODE_SIGN_IDENTITY = "-";
				COPY_PHASE_STRIP = NO;
				DEBUG_INFORMATION_FORMAT = "dwarf-with-dsym";
				ENABLE_NS_ASSERTIONS = NO;
				ENABLE_STRICT_OBJC_MSGSEND = YES;
				GCC_C_LANGUAGE_STANDARD = gnu99;
				GCC_NO_COMMON_BLOCKS = YES;
				GCC_WARN_64_TO_32_BIT_CONVERSION = YES;
				GCC_WARN_ABOUT_RETURN_TYPE = YES_ERROR;
				GCC_WARN_UNDECLARED_SELECTOR = YES;
				GCC_WARN_UNINITIALIZED_AUTOS = YES_AGGRESSIVE;
				GCC_WARN_UNUSED_FUNCTION = YES;
				GCC_WARN_UNUSED_VARIABLE = YES;
				MACOSX_DEPLOYMENT_TARGET = 10.11;
				MTL_ENABLE_DEBUG_INFO = NO;
				SDKROOT = macosx;
			};
			name = Release;
		};
		AB51F47D1DDB2A09002DFF34 /* Debug */ = {
			isa = XCBuildConfiguration;
			buildSettings = {
				PRODUCT_NAME = "$(TARGET_NAME)";
			};
			name = Debug;
		};
		AB51F47E1DDB2A09002DFF34 /* Release */ = {
			isa = XCBuildConfiguration;
			buildSettings = {
				PRODUCT_NAME = "$(TARGET_NAME)";
			};
			name = Release;
		};
/* End XCBuildConfiguration section */

/* Begin XCConfigurationList section */
		AB51F4701DDB2A09002DFF34 /* Build configuration list for PBXProject "cs240" */ = {
			isa = XCConfigurationList;
			buildConfigurations = (
				AB51F47A1DDB2A09002DFF34 /* Debug */,
				AB51F47B1DDB2A09002DFF34 /* Release */,
			);
			defaultConfigurationIsVisible = 0;
			defaultConfigurationName = Release;
		};
		AB51F47C1DDB2A09002DFF34 /* Build configuration list for PBXNativeTarget "cs240" */ = {
			isa = XCConfigurationList;
			buildConfigurations = (
				AB51F47D1DDB2A09002DFF34 /* Debug */,
				AB51F47E1DDB2A09002DFF34 /* Release */,
			);
			defaultConfigurationIsVisible = 0;
		};
/* End XCConfigurationList section */
	};
	rootObject = AB51F46D1DDB2A09002DFF34 /* Project object */;
}
